// !$*UTF8*$!
{
	archiveVersion = 1;
	classes = {
	};
	objectVersion = 46;
	objects = {

/* Begin PBXBuildFile section */
		1636DC6221C02E2D00C4B91C /* AppCategory.swift in Sources */ = {isa = PBXBuildFile; fileRef = 1636DC6021C02E2D00C4B91C /* AppCategory.swift */; };
		1636DC6321C02E2D00C4B91C /* Apps.swift in Sources */ = {isa = PBXBuildFile; fileRef = 1636DC6121C02E2D00C4B91C /* Apps.swift */; };
		1F45088C1F979F6800E3A61B /* CategoryModels.swift in Sources */ = {isa = PBXBuildFile; fileRef = 1F45088B1F979F6800E3A61B /* CategoryModels.swift */; };
		1F519FD31F94EF32001A49B4 /* AppDelegate.swift in Sources */ = {isa = PBXBuildFile; fileRef = 1F519FD21F94EF32001A49B4 /* AppDelegate.swift */; };
		1F519FD51F94EF32001A49B4 /* ViewController.swift in Sources */ = {isa = PBXBuildFile; fileRef = 1F519FD41F94EF32001A49B4 /* ViewController.swift */; };
		1F519FD81F94EF33001A49B4 /* Main.storyboard in Resources */ = {isa = PBXBuildFile; fileRef = 1F519FD61F94EF33001A49B4 /* Main.storyboard */; };
		1F519FDB1F94EF33001A49B4 /* appstore.xcdatamodeld in Sources */ = {isa = PBXBuildFile; fileRef = 1F519FD91F94EF33001A49B4 /* appstore.xcdatamodeld */; };
		1F519FDD1F94EF33001A49B4 /* Assets.xcassets in Resources */ = {isa = PBXBuildFile; fileRef = 1F519FDC1F94EF33001A49B4 /* Assets.xcassets */; };
		1F519FE01F94EF33001A49B4 /* LaunchScreen.storyboard in Resources */ = {isa = PBXBuildFile; fileRef = 1F519FDE1F94EF33001A49B4 /* LaunchScreen.storyboard */; };
		1F519FE81F94FCFE001A49B4 /* CategoryCell.swift in Sources */ = {isa = PBXBuildFile; fileRef = 1F519FE71F94FCFE001A49B4 /* CategoryCell.swift */; };
		1F5F499D1FA9A56E00EC9BB7 /* InfoDetailsController.swift in Sources */ = {isa = PBXBuildFile; fileRef = 1F5F499C1FA9A56E00EC9BB7 /* InfoDetailsController.swift */; };
		1F7043471FA6A2B5007A78A1 /* AppDetailController.swift in Sources */ = {isa = PBXBuildFile; fileRef = 1F7043461FA6A2B5007A78A1 /* AppDetailController.swift */; };
/* End PBXBuildFile section */

/* Begin PBXFileReference section */
		1636DC6021C02E2D00C4B91C /* AppCategory.swift */ = {isa = PBXFileReference; fileEncoding = 4; lastKnownFileType = sourcecode.swift; path = AppCategory.swift; sourceTree = "<group>"; };
		1636DC6121C02E2D00C4B91C /* Apps.swift */ = {isa = PBXFileReference; fileEncoding = 4; lastKnownFileType = sourcecode.swift; path = Apps.swift; sourceTree = "<group>"; };
		1F45088B1F979F6800E3A61B /* CategoryModels.swift */ = {isa = PBXFileReference; fileEncoding = 4; lastKnownFileType = sourcecode.swift; path = CategoryModels.swift; sourceTree = "<group>"; };
		1F519FCF1F94EF32001A49B4 /* appstore.app */ = {isa = PBXFileReference; explicitFileType = wrapper.application; includeInIndex = 0; path = appstore.app; sourceTree = BUILT_PRODUCTS_DIR; };
		1F519FD21F94EF32001A49B4 /* AppDelegate.swift */ = {isa = PBXFileReference; lastKnownFileType = sourcecode.swift; path = AppDelegate.swift; sourceTree = "<group>"; };
		1F519FD41F94EF32001A49B4 /* ViewController.swift */ = {isa = PBXFileReference; lastKnownFileType = sourcecode.swift; path = ViewController.swift; sourceTree = "<group>"; };
		1F519FD71F94EF33001A49B4 /* Base */ = {isa = PBXFileReference; lastKnownFileType = file.storyboard; name = Base; path = Base.lproj/Main.storyboard; sourceTree = "<group>"; };
		1F519FDA1F94EF33001A49B4 /* appstore.xcdatamodel */ = {isa = PBXFileReference; lastKnownFileType = wrapper.xcdatamodel; path = appstore.xcdatamodel; sourceTree = "<group>"; };
		1F519FDC1F94EF33001A49B4 /* Assets.xcassets */ = {isa = PBXFileReference; lastKnownFileType = folder.assetcatalog; path = Assets.xcassets; sourceTree = "<group>"; };
		1F519FDF1F94EF33001A49B4 /* Base */ = {isa = PBXFileReference; lastKnownFileType = file.storyboard; name = Base; path = Base.lproj/LaunchScreen.storyboard; sourceTree = "<group>"; };
		1F519FE11F94EF33001A49B4 /* Info.plist */ = {isa = PBXFileReference; lastKnownFileType = text.plist.xml; path = Info.plist; sourceTree = "<group>"; };
		1F519FE71F94FCFE001A49B4 /* CategoryCell.swift */ = {isa = PBXFileReference; fileEncoding = 4; lastKnownFileType = sourcecode.swift; path = CategoryCell.swift; sourceTree = "<group>"; };
		1F5F499C1FA9A56E00EC9BB7 /* InfoDetailsController.swift */ = {isa = PBXFileReference; fileEncoding = 4; lastKnownFileType = sourcecode.swift; path = InfoDetailsController.swift; sourceTree = "<group>"; };
		1F7043461FA6A2B5007A78A1 /* AppDetailController.swift */ = {isa = PBXFileReference; fileEncoding = 4; lastKnownFileType = sourcecode.swift; path = AppDetailController.swift; sourceTree = "<group>"; };
/* End PBXFileReference section */

/* Begin PBXFrameworksBuildPhase section */
		1F519FCC1F94EF32001A49B4 /* Frameworks */ = {
			isa = PBXFrameworksBuildPhase;
			buildActionMask = 2147483647;
			files = (
			);
			runOnlyForDeploymentPostprocessing = 0;
		};
/* End PBXFrameworksBuildPhase section */

/* Begin PBXGroup section */
		1636DC6421C02E4200C4B91C /* Struct Demo */ = {
			isa = PBXGroup;
			children = (
				1636DC6021C02E2D00C4B91C /* AppCategory.swift */,
				1636DC6121C02E2D00C4B91C /* Apps.swift */,
			);
			name = "Struct Demo";
			sourceTree = "<group>";
		};
		1F519FC61F94EF31001A49B4 = {
			isa = PBXGroup;
			children = (
				1F519FD11F94EF32001A49B4 /* appstore */,
				1F519FD01F94EF32001A49B4 /* Products */,
			);
			sourceTree = "<group>";
		};
		1F519FD01F94EF32001A49B4 /* Products */ = {
			isa = PBXGroup;
			children = (
				1F519FCF1F94EF32001A49B4 /* appstore.app */,
			);
			name = Products;
			sourceTree = "<group>";
		};
		1F519FD11F94EF32001A49B4 /* appstore */ = {
			isa = PBXGroup;
			children = (
				1F519FD21F94EF32001A49B4 /* AppDelegate.swift */,
				1F45088B1F979F6800E3A61B /* CategoryModels.swift */,
				1F519FD41F94EF32001A49B4 /* ViewController.swift */,
				1F519FE71F94FCFE001A49B4 /* CategoryCell.swift */,
				1F7043461FA6A2B5007A78A1 /* AppDetailController.swift */,
				1F5F499C1FA9A56E00EC9BB7 /* InfoDetailsController.swift */,
				1636DC6421C02E4200C4B91C /* Struct Demo */,
				1F519FD61F94EF33001A49B4 /* Main.storyboard */,
				1F519FDC1F94EF33001A49B4 /* Assets.xcassets */,
				1F519FDE1F94EF33001A49B4 /* LaunchScreen.storyboard */,
				1F519FE11F94EF33001A49B4 /* Info.plist */,
				1F519FD91F94EF33001A49B4 /* appstore.xcdatamodeld */,
			);
			path = appstore;
			sourceTree = "<group>";
		};
/* End PBXGroup section */

/* Begin PBXNativeTarget section */
		1F519FCE1F94EF32001A49B4 /* appstore */ = {
			isa = PBXNativeTarget;
			buildConfigurationList = 1F519FE41F94EF33001A49B4 /* Build configuration list for PBXNativeTarget "appstore" */;
			buildPhases = (
				1F519FCB1F94EF32001A49B4 /* Sources */,
				1F519FCC1F94EF32001A49B4 /* Frameworks */,
				1F519FCD1F94EF32001A49B4 /* Resources */,
			);
			buildRules = (
			);
			dependencies = (
			);
			name = appstore;
			productName = appstore;
			productReference = 1F519FCF1F94EF32001A49B4 /* appstore.app */;
			productType = "com.apple.product-type.application";
		};
/* End PBXNativeTarget section */

/* Begin PBXProject section */
		1F519FC71F94EF32001A49B4 /* Project object */ = {
			isa = PBXProject;
			attributes = {
				LastSwiftUpdateCheck = 0820;
				LastUpgradeCheck = 0820;
				ORGANIZATIONNAME = Ahmed.S.Elserafy;
				TargetAttributes = {
					1F519FCE1F94EF32001A49B4 = {
						CreatedOnToolsVersion = 8.2;
						DevelopmentTeam = WY4TJYTZW4;
						ProvisioningStyle = Automatic;
					};
				};
			};
			buildConfigurationList = 1F519FCA1F94EF32001A49B4 /* Build configuration list for PBXProject "appstore" */;
			compatibilityVersion = "Xcode 3.2";
			developmentRegion = English;
			hasScannedForEncodings = 0;
			knownRegions = (
				en,
				Base,
			);
			mainGroup = 1F519FC61F94EF31001A49B4;
			productRefGroup = 1F519FD01F94EF32001A49B4 /* Products */;
			projectDirPath = "";
			projectRoot = "";
			targets = (
				1F519FCE1F94EF32001A49B4 /* appstore */,
			);
		};
/* End PBXProject section */

/* Begin PBXResourcesBuildPhase section */
		1F519FCD1F94EF32001A49B4 /* Resources */ = {
			isa = PBXResourcesBuildPhase;
			buildActionMask = 2147483647;
			files = (
				1F519FE01F94EF33001A49B4 /* LaunchScreen.storyboard in Resources */,
				1F519FDD1F94EF33001A49B4 /* Assets.xcassets in Resources */,
				1F519FD81F94EF33001A49B4 /* Main.storyboard in Resources */,
			);
			runOnlyForDeploymentPostprocessing = 0;
		};
/* End PBXResourcesBuildPhase section */

/* Begin PBXSourcesBuildPhase section */
		1F519FCB1F94EF32001A49B4 /* Sources */ = {
			isa = PBXSourcesBuildPhase;
			buildActionMask = 2147483647;
			files = (
				1F519FD51F94EF32001A49B4 /* ViewController.swift in Sources */,
				1F519FD31F94EF32001A49B4 /* AppDelegate.swift in Sources */,
				1F519FDB1F94EF33001A49B4 /* appstore.xcdatamodeld in Sources */,
				1636DC6221C02E2D00C4B91C /* AppCategory.swift in Sources */,
				1F5F499D1FA9A56E00EC9BB7 /* InfoDetailsController.swift in Sources */,
				1F45088C1F979F6800E3A61B /* CategoryModels.swift in Sources */,
				1636DC6321C02E2D00C4B91C /* Apps.swift in Sources */,
				1F7043471FA6A2B5007A78A1 /* AppDetailController.swift in Sources */,
				1F519FE81F94FCFE001A49B4 /* CategoryCell.swift in Sources */,
			);
			runOnlyForDeploymentPostprocessing = 0;
		};
/* End PBXSourcesBuildPhase section */

/* Begin PBXVariantGroup section */
		1F519FD61F94EF33001A49B4 /* Main.storyboard */ = {
			isa = PBXVariantGroup;
			children = (
				1F519FD71F94EF33001A49B4 /* Base */,
			);
			name = Main.storyboard;
			sourceTree = "<group>";
		};
		1F519FDE1F94EF33001A49B4 /* LaunchScreen.storyboard */ = {
			isa = PBXVariantGroup;
			children = (
				1F519FDF1F94EF33001A49B4 /* Base */,
			);
			name = LaunchScreen.storyboard;
			sourceTree = "<group>";
		};
/* End PBXVariantGroup section */

/* Begin XCBuildConfiguration section */
		1F519FE21F94EF33001A49B4 /* Debug */ = {
			isa = XCBuildConfiguration;
			buildSettings = {
				ALWAYS_SEARCH_USER_PATHS = NO;
				CLANG_ANALYZER_NONNULL = YES;
				CLANG_CXX_LANGUAGE_STANDARD = "gnu++0x";
				CLANG_CXX_LIBRARY = "libc++";
				CLANG_ENABLE_MODULES = YES;
				CLANG_ENABLE_OBJC_ARC = YES;
				CLANG_WARN_BOOL_CONVERSION = YES;
				CLANG_WARN_CONSTANT_CONVERSION = YES;
				CLANG_WARN_DIRECT_OBJC_ISA_USAGE = YES_ERROR;
				CLANG_WARN_DOCUMENTATION_COMMENTS = YES;
				CLANG_WARN_EMPTY_BODY = YES;
				CLANG_WARN_ENUM_CONVERSION = YES;
				CLANG_WARN_INFINITE_RECURSION = YES;
				CLANG_WARN_INT_CONVERSION = YES;
				CLANG_WARN_OBJC_ROOT_CLASS = YES_ERROR;
				CLANG_WARN_SUSPICIOUS_MOVE = YES;
				CLANG_WARN_UNREACHABLE_CODE = YES;
				CLANG_WARN__DUPLICATE_METHOD_MATCH = YES;
				"CODE_SIGN_IDENTITY[sdk=iphoneos*]" = "iPhone Developer";
				COPY_PHASE_STRIP = NO;
				DEBUG_INFORMATION_FORMAT = dwarf;
				ENABLE_STRICT_OBJC_MSGSEND = YES;
				ENABLE_TESTABILITY = YES;
				GCC_C_LANGUAGE_STANDARD = gnu99;
				GCC_DYNAMIC_NO_PIC = NO;
				GCC_NO_COMMON_BLOCKS = YES;
				GCC_OPTIMIZATION_LEVEL = 0;
				GCC_PREPROCESSOR_DEFINITIONS = (
					"DEBUG=1",
					"$(inherited)",
				);
				GCC_WARN_64_TO_32_BIT_CONVERSION = YES;
				GCC_WARN_ABOUT_RETURN_TYPE = YES_ERROR;
				GCC_WARN_UNDECLARED_SELECTOR = YES;
				GCC_WARN_UNINITIALIZED_AUTOS = YES_AGGRESSIVE;
				GCC_WARN_UNUSED_FUNCTION = YES;
				GCC_WARN_UNUSED_VARIABLE = YES;
				IPHONEOS_DEPLOYMENT_TARGET = 10.2;
				MTL_ENABLE_DEBUG_INFO = YES;
				ONLY_ACTIVE_ARCH = YES;
				SDKROOT = iphoneos;
				SWIFT_ACTIVE_COMPILATION_CONDITIONS = DEBUG;
				SWIFT_OPTIMIZATION_LEVEL = "-Onone";
				TARGETED_DEVICE_FAMILY = "1,2";
			};
			name = Debug;
		};
		1F519FE31F94EF33001A49B4 /* Release */ = {
			isa = XCBuildConfiguration;
			buildSettings = {
				ALWAYS_SEARCH_USER_PATHS = NO;
				CLANG_ANALYZER_NONNULL = YES;
				CLANG_CXX_LANGUAGE_STANDARD = "gnu++0x";
				CLANG_CXX_LIBRARY = "libc++";
				CLANG_ENABLE_MODULES = YES;
				CLANG_ENABLE_OBJC_ARC = YES;
				CLANG_WARN_BOOL_CONVERSION = YES;
				CLANG_WARN_CONSTANT_CONVERSION = YES;
				CLANG_WARN_DIRECT_OBJC_ISA_USAGE = YES_ERROR;
				CLANG_WARN_DOCUMENTATION_COMMENTS = YES;
				CLANG_WARN_EMPTY_BODY = YES;
				CLANG_WARN_ENUM_CONVERSION = YES;
				CLANG_WARN_INFINITE_RECURSION = YES;
				CLANG_WARN_INT_CONVERSION = YES;
				CLANG_WARN_OBJC_ROOT_CLASS = YES_ERROR;
				CLANG_WARN_SUSPICIOUS_MOVE = YES;
				CLANG_WARN_UNREACHABLE_CODE = YES;
				CLANG_WARN__DUPLICATE_METHOD_MATCH = YES;
				"CODE_SIGN_IDENTITY[sdk=iphoneos*]" = "iPhone Developer";
				COPY_PHASE_STRIP = NO;
				DEBUG_INFORMATION_FORMAT = "dwarf-with-dsym";
				ENABLE_NS_ASSERTIONS = NO;
				ENABLE_STRICT_OBJC_MSGSEND = YES;
				GCC_C_LANGUAGE_STANDARD = gnu99;
				GCC_NO_COMMON_BLOCKS = YES;
				GCC_WARN_64_TO_32_BIT_CONVERSION = YES;
				GCC_WARN_ABOUT_RETURN_TYPE = YES_ERROR;
				GCC_WARN_UNDECLARED_SELECTOR = YES;
				GCC_WARN_UNINITIALIZED_AUTOS = YES_AGGRESSIVE;
				GCC_WARN_UNUSED_FUNCTION = YES;
				GCC_WARN_UNUSED_VARIABLE = YES;
				IPHONEOS_DEPLOYMENT_TARGET = 10.2;
				MTL_ENABLE_DEBUG_INFO = NO;
				SDKROOT = iphoneos;
				SWIFT_OPTIMIZATION_LEVEL = "-Owholemodule";
				TARGETED_DEVICE_FAMILY = "1,2";
				VALIDATE_PRODUCT = YES;
			};
			name = Release;
		};
		1F519FE51F94EF33001A49B4 /* Debug */ = {
			isa = XCBuildConfiguration;
			buildSettings = {
				ASSETCATALOG_COMPILER_APPICON_NAME = AppIcon;
				DEVELOPMENT_TEAM = WY4TJYTZW4;
				INFOPLIST_FILE = appstore/Info.plist;
				IPHONEOS_DEPLOYMENT_TARGET = 10.1;
				LD_RUNPATH_SEARCH_PATHS = "$(inherited) @executable_path/Frameworks";
				PRODUCT_BUNDLE_IDENTIFIER = com.AhmedElserafy.appstore2;
				PRODUCT_NAME = "$(TARGET_NAME)";
				SWIFT_VERSION = 3.0;
			};
			name = Debug;
		};
		1F519FE61F94EF33001A49B4 /* Release */ = {
			isa = XCBuildConfiguration;
			buildSettings = {
				ASSETCATALOG_COMPILER_APPICON_NAME = AppIcon;
				DEVELOPMENT_TEAM = WY4TJYTZW4;
				INFOPLIST_FILE = appstore/Info.plist;
				IPHONEOS_DEPLOYMENT_TARGET = 10.1;
				LD_RUNPATH_SEARCH_PATHS = "$(inherited) @executable_path/Frameworks";
				PRODUCT_BUNDLE_IDENTIFIER = com.AhmedElserafy.appstore2;
				PRODUCT_NAME = "$(TARGET_NAME)";
				SWIFT_VERSION = 3.0;
			};
			name = Release;
		};
/* End XCBuildConfiguration section */

/* Begin XCConfigurationList section */
		1F519FCA1F94EF32001A49B4 /* Build configuration list for PBXProject "appstore" */ = {
			isa = XCConfigurationList;
			buildConfigurations = (
				1F519FE21F94EF33001A49B4 /* Debug */,
				1F519FE31F94EF33001A49B4 /* Release */,
			);
			defaultConfigurationIsVisible = 0;
			defaultConfigurationName = Release;
		};
		1F519FE41F94EF33001A49B4 /* Build configuration list for PBXNativeTarget "appstore" */ = {
			isa = XCConfigurationList;
			buildConfigurations = (
				1F519FE51F94EF33001A49B4 /* Debug */,
				1F519FE61F94EF33001A49B4 /* Release */,
			);
			defaultConfigurationIsVisible = 0;
			defaultConfigurationName = Release;
		};
/* End XCConfigurationList section */

/* Begin XCVersionGroup section */
		1F519FD91F94EF33001A49B4 /* appstore.xcdatamodeld */ = {
			isa = XCVersionGroup;
			children = (
				1F519FDA1F94EF33001A49B4 /* appstore.xcdatamodel */,
			);
			currentVersion = 1F519FDA1F94EF33001A49B4 /* appstore.xcdatamodel */;
			path = appstore.xcdatamodeld;
			sourceTree = "<group>";
			versionGroupType = wrapper.xcdatamodel;
		};
/* End XCVersionGroup section */
	};
	rootObject = 1F519FC71F94EF32001A49B4 /* Project object */;
}
